
Microsoft Visual Studio Solution File, Format Version 12.00
# Visual Studio Version 16
VisualStudioVersion = 16.0.31729.503
MinimumVisualStudioVersion = 10.0.40219.1
Project("{FAE04EC0-301F-11D3-BF4B-00C04F79EFBC}") = "Wpf simple FFMPEG", "Wpf simple FFMPEG\Wpf simple FFMPEG.csproj", "{8C8BA0F3-BCFA-4380-B1A6-7BF0EF00094E}"
EndProject
Global
	GlobalSection(SolutionConfigurationPlatforms) = preSolution
		Debug|Any CPU = Debug|Any CPU
		Release|Any CPU = Release|Any CPU
	EndGlobalSection
	GlobalSection(ProjectConfigurationPlatforms) = postSolution
		{8C8BA0F3-BCFA-4380-B1A6-7BF0EF00094E}.Debug|Any CPU.ActiveCfg = Debug|Any CPU
		{8C8BA0F3-BCFA-4380-B1A6-7BF0EF00094E}.Debug|Any CPU.Build.0 = Debug|Any CPU
		{8C8BA0F3-BCFA-4380-B1A6-7BF0EF00094E}.Release|Any CPU.ActiveCfg = Release|Any CPU
		{8C8BA0F3-BCFA-4380-B1A6-7BF0EF00094E}.Release|Any CPU.Build.0 = Release|Any CPU
	EndGlobalSection
	GlobalSection(SolutionProperties) = preSolution
		HideSolutionNode = FALSE
	EndGlobalSection
	GlobalSection(ExtensibilityGlobals) = postSolution
		SolutionGuid = {F7AB8099-5CE3-4AB7-927F-63E6001CB7ED}
	EndGlobalSection
EndGlobal
